{
    "version": 3,
    "terraform_version": "0.11.14",
    "serial": 2,
    "lineage": "1316a43d-4970-de61-f0ec-4a0b5528f2ba",
    "modules": [
        {
            "path": [
                "root"
            ],
            "outputs": {},
            "resources": {
                "aws_security_group.http_https": {
                    "type": "aws_security_group",
                    "depends_on": [
                        "data.terraform_remote_state.account"
                    ],
                    "primary": {
                        "id": "sg-063e511c1cffb6cf3",
                        "attributes": {
                            "arn": "arn:aws:ec2:us-east-1:284955766151:security-group/sg-063e511c1cffb6cf3",
                            "description": "Security Group for traffic on port 80 and 443",
                            "egress.#": "0",
                            "id": "sg-063e511c1cffb6cf3",
                            "ingress.#": "0",
                            "name": "LMS_http_https_sg",
                            "owner_id": "284955766151",
                            "revoke_rules_on_delete": "false",
                            "tags.%": "5",
                            "tags.Contact": "cloudengineering",
                            "tags.Contact Email": "cloudengineering@edgenuity.com",
                            "tags.Environment": "ID",
                            "tags.Name": "HTTP and HTTPS Security Group",
                            "tags.Platform": "LMS",
                            "vpc_id": "vpc-035a13dac55890aa2"
                        },
                        "meta": {
                            "e2bfb730-ecaa-11e6-8f88-34363bc7c4c0": {
                                "create": 600000000000,
                                "delete": 600000000000
                            },
                            "schema_version": "1"
                        },
                        "tainted": false
                    },
                    "deposed": [],
                    "provider": "provider.aws"
                },
                "aws_security_group.rdpssh": {
                    "type": "aws_security_group",
                    "depends_on": [
                        "data.terraform_remote_state.account"
                    ],
                    "primary": {
                        "id": "sg-0b2ae50ee21caca0f",
                        "attributes": {
                            "arn": "arn:aws:ec2:us-east-1:284955766151:security-group/sg-0b2ae50ee21caca0f",
                            "description": "Security Group to allow RDP/SSH access from on-premise",
                            "egress.#": "0",
                            "id": "sg-0b2ae50ee21caca0f",
                            "ingress.#": "0",
                            "name": "LMSRDPSSH",
                            "owner_id": "284955766151",
                            "revoke_rules_on_delete": "false",
                            "tags.%": "5",
                            "tags.Contact": "cloudengineering",
                            "tags.Contact Email": "cloudengineering@edgenuity.com",
                            "tags.Environment": "ID",
                            "tags.Name": "RDP/SSH Security Group",
                            "tags.Platform": "LMS",
                            "vpc_id": "vpc-035a13dac55890aa2"
                        },
                        "meta": {
                            "e2bfb730-ecaa-11e6-8f88-34363bc7c4c0": {
                                "create": 600000000000,
                                "delete": 600000000000
                            },
                            "schema_version": "1"
                        },
                        "tainted": false
                    },
                    "deposed": [],
                    "provider": "provider.aws"
                },
                "aws_security_group.web_sg": {
                    "type": "aws_security_group",
                    "depends_on": [
                        "data.terraform_remote_state.account"
                    ],
                    "primary": {
                        "id": "sg-0e51792f950e9ba1f",
                        "attributes": {
                            "arn": "arn:aws:ec2:us-east-1:284955766151:security-group/sg-0e51792f950e9ba1f",
                            "description": "Security Group for web servers",
                            "egress.#": "0",
                            "id": "sg-0e51792f950e9ba1f",
                            "ingress.#": "0",
                            "name": "LMS_web_sg",
                            "owner_id": "284955766151",
                            "revoke_rules_on_delete": "false",
                            "tags.%": "5",
                            "tags.Contact": "cloudengineering",
                            "tags.Contact Email": "cloudengineering@edgenuity.com",
                            "tags.Environment": "ID",
                            "tags.Name": "Web Servers Security Group",
                            "tags.Platform": "LMS",
                            "vpc_id": "vpc-035a13dac55890aa2"
                        },
                        "meta": {
                            "e2bfb730-ecaa-11e6-8f88-34363bc7c4c0": {
                                "create": 600000000000,
                                "delete": 600000000000
                            },
                            "schema_version": "1"
                        },
                        "tainted": false
                    },
                    "deposed": [],
                    "provider": "provider.aws"
                },
                "aws_security_group_rule.http_ingress": {
                    "type": "aws_security_group_rule",
                    "depends_on": [
                        "aws_security_group.http_https"
                    ],
                    "primary": {
                        "id": "sgrule-2455578166",
                        "attributes": {
                            "cidr_blocks.#": "6",
                            "cidr_blocks.0": "10.130.0.0/16",
                            "cidr_blocks.1": "10.10.0.0/16",
                            "cidr_blocks.2": "10.201.0.0/16",
                            "cidr_blocks.3": "192.168.0.0/16",
                            "cidr_blocks.4": "10.32.0.0/16",
                            "cidr_blocks.5": "10.174.0.0/20",
                            "from_port": "80",
                            "id": "sgrule-2455578166",
                            "protocol": "tcp",
                            "security_group_id": "sg-063e511c1cffb6cf3",
                            "self": "false",
                            "to_port": "80",
                            "type": "ingress"
                        },
                        "meta": {
                            "schema_version": "2"
                        },
                        "tainted": false
                    },
                    "deposed": [],
                    "provider": "provider.aws"
                },
                "aws_security_group_rule.https_ingress": {
                    "type": "aws_security_group_rule",
                    "depends_on": [
                        "aws_security_group.http_https"
                    ],
                    "primary": {
                        "id": "sgrule-954903118",
                        "attributes": {
                            "cidr_blocks.#": "6",
                            "cidr_blocks.0": "10.130.0.0/16",
                            "cidr_blocks.1": "10.10.0.0/16",
                            "cidr_blocks.2": "10.201.0.0/16",
                            "cidr_blocks.3": "192.168.0.0/16",
                            "cidr_blocks.4": "10.32.0.0/16",
                            "cidr_blocks.5": "10.174.0.0/20",
                            "from_port": "443",
                            "id": "sgrule-954903118",
                            "protocol": "tcp",
                            "security_group_id": "sg-063e511c1cffb6cf3",
                            "self": "false",
                            "to_port": "443",
                            "type": "ingress"
                        },
                        "meta": {
                            "schema_version": "2"
                        },
                        "tainted": false
                    },
                    "deposed": [],
                    "provider": "provider.aws"
                },
                "aws_security_group_rule.rdpssh_egress_01": {
                    "type": "aws_security_group_rule",
                    "depends_on": [
                        "aws_security_group.rdpssh"
                    ],
                    "primary": {
                        "id": "sgrule-2509945945",
                        "attributes": {
                            "cidr_blocks.#": "1",
                            "cidr_blocks.0": "0.0.0.0/0",
                            "from_port": "0",
                            "id": "sgrule-2509945945",
                            "protocol": "-1",
                            "security_group_id": "sg-0b2ae50ee21caca0f",
                            "self": "false",
                            "to_port": "0",
                            "type": "egress"
                        },
                        "meta": {
                            "schema_version": "2"
                        },
                        "tainted": false
                    },
                    "deposed": [],
                    "provider": "provider.aws"
                },
                "aws_security_group_rule.rdpssh_ingress_01": {
                    "type": "aws_security_group_rule",
                    "depends_on": [
                        "aws_security_group.rdpssh"
                    ],
                    "primary": {
                        "id": "sgrule-730938058",
                        "attributes": {
                            "cidr_blocks.#": "5",
                            "cidr_blocks.0": "10.130.0.0/16",
                            "cidr_blocks.1": "10.10.0.0/16",
                            "cidr_blocks.2": "10.201.0.0/16",
                            "cidr_blocks.3": "192.168.0.0/16",
                            "cidr_blocks.4": "10.32.0.0/16",
                            "from_port": "3389",
                            "id": "sgrule-730938058",
                            "protocol": "tcp",
                            "security_group_id": "sg-0b2ae50ee21caca0f",
                            "self": "false",
                            "to_port": "3389",
                            "type": "ingress"
                        },
                        "meta": {
                            "schema_version": "2"
                        },
                        "tainted": false
                    },
                    "deposed": [],
                    "provider": "provider.aws"
                },
                "aws_security_group_rule.rdpssh_ingress_02": {
                    "type": "aws_security_group_rule",
                    "depends_on": [
                        "aws_security_group.rdpssh"
                    ],
                    "primary": {
                        "id": "sgrule-1720643612",
                        "attributes": {
                            "cidr_blocks.#": "5",
                            "cidr_blocks.0": "10.130.0.0/16",
                            "cidr_blocks.1": "10.10.0.0/16",
                            "cidr_blocks.2": "10.201.0.0/16",
                            "cidr_blocks.3": "192.168.0.0/16",
                            "cidr_blocks.4": "10.32.0.0/16",
                            "from_port": "22",
                            "id": "sgrule-1720643612",
                            "protocol": "tcp",
                            "security_group_id": "sg-0b2ae50ee21caca0f",
                            "self": "false",
                            "to_port": "22",
                            "type": "ingress"
                        },
                        "meta": {
                            "schema_version": "2"
                        },
                        "tainted": false
                    },
                    "deposed": [],
                    "provider": "provider.aws"
                },
                "aws_security_group_rule.web_ingress_01": {
                    "type": "aws_security_group_rule",
                    "depends_on": [
                        "aws_security_group.web_sg"
                    ],
                    "primary": {
                        "id": "sgrule-693568372",
                        "attributes": {
                            "cidr_blocks.#": "1",
                            "cidr_blocks.0": "10.201.0.0/16",
                            "from_port": "10933",
                            "id": "sgrule-693568372",
                            "protocol": "tcp",
                            "security_group_id": "sg-0e51792f950e9ba1f",
                            "self": "false",
                            "to_port": "10933",
                            "type": "ingress"
                        },
                        "meta": {
                            "schema_version": "2"
                        },
                        "tainted": false
                    },
                    "deposed": [],
                    "provider": "provider.aws"
                },
                "data.terraform_remote_state.account": {
                    "type": "terraform_remote_state",
                    "depends_on": [],
                    "primary": {
                        "id": "2019-12-09 10:47:49.6096692 +0000 UTC",
                        "attributes": {
                            "account_id": "284955766151",
                            "backend": "s3",
                            "config.#": "1",
                            "config.2242510936.bucket": "terraform-user",
                            "config.2242510936.key": "corp-tools/terraform.tfstate",
                            "config.2242510936.region": "us-east-1",
                            "environment": "default",
                            "id": "2019-12-09 10:47:49.6096692 +0000 UTC",
                            "private_subnet_ids.#": "2",
                            "private_subnet_ids.0": "subnet-0f0d612fc9447d588",
                            "private_subnet_ids.1": "subnet-09f171c10a270236b",
                            "public_subnet_ids.#": "2",
                            "public_subnet_ids.0": "subnet-02ed1beb0e58d2c6a",
                            "public_subnet_ids.1": "subnet-051f920bc80a008ef",
                            "vpc_cidr": "10.0.0.0/16",
                            "vpc_id": "vpc-035a13dac55890aa2",
                            "workspace": "default"
                        },
                        "meta": {},
                        "tainted": false
                    },
                    "deposed": [],
                    "provider": "provider.terraform"
                },
                "data.terraform_remote_state.corp_tools_account": {
                    "type": "terraform_remote_state",
                    "depends_on": [],
                    "primary": {
                        "id": "2019-12-09 10:47:49.5926582 +0000 UTC",
                        "attributes": {
                            "account_id": "284955766151",
                            "backend": "s3",
                            "config.#": "1",
                            "config.2242510936.bucket": "terraform-user",
                            "config.2242510936.key": "corp-tools/terraform.tfstate",
                            "config.2242510936.region": "us-east-1",
                            "environment": "default",
                            "id": "2019-12-09 10:47:49.5926582 +0000 UTC",
                            "private_subnet_ids.#": "2",
                            "private_subnet_ids.0": "subnet-0f0d612fc9447d588",
                            "private_subnet_ids.1": "subnet-09f171c10a270236b",
                            "public_subnet_ids.#": "2",
                            "public_subnet_ids.0": "subnet-02ed1beb0e58d2c6a",
                            "public_subnet_ids.1": "subnet-051f920bc80a008ef",
                            "vpc_cidr": "10.0.0.0/16",
                            "vpc_id": "vpc-035a13dac55890aa2",
                            "workspace": "default"
                        },
                        "meta": {},
                        "tainted": false
                    },
                    "deposed": [],
                    "provider": "provider.terraform"
                },
                "data.terraform_remote_state.corp_tools_platform": {
                    "type": "terraform_remote_state",
                    "depends_on": [],
                    "primary": {
                        "id": "2019-12-09 10:47:49.5096458 +0000 UTC",
                        "attributes": {
                            "backend": "s3",
                            "config.#": "1",
                            "config.3848537997.bucket": "terraform-user",
                            "config.3848537997.key": "corp-tools-platform/terraform.tfstate",
                            "config.3848537997.region": "us-east-1",
                            "environment": "default",
                            "id": "2019-12-09 10:47:49.5096458 +0000 UTC",
                            "workspace": "default"
                        },
                        "meta": {},
                        "tainted": false
                    },
                    "deposed": [],
                    "provider": "provider.terraform"
                }
            },
            "depends_on": []
        },
        {
            "path": [
                "root",
                "web"
            ],
            "outputs": {},
            "resources": {},
            "depends_on": []
        }
    ]
}
